
Microsoft Visual Studio Solution File, Format Version 12.00
# Visual Studio Version 16
VisualStudioVersion = 16.0.30804.86
MinimumVisualStudioVersion = 10.0.40219.1
Project("{FAE04EC0-301F-11D3-BF4B-00C04F79EFBC}") = "WebAppEcommChangeFeedFunction", "WebAppEcommChangeFeedFunction.csproj", "{D2FD354E-28D5-4CA1-BF6D-4E8894EC929B}"
EndProject
Global
	GlobalSection(SolutionConfigurationPlatforms) = preSolution
		Debug|Any CPU = Debug|Any CPU
		Release|Any CPU = Release|Any CPU
	EndGlobalSection
	GlobalSection(ProjectConfigurationPlatforms) = postSolution
		{D2FD354E-28D5-4CA1-BF6D-4E8894EC929B}.Debug|Any CPU.ActiveCfg = Debug|Any CPU
		{D2FD354E-28D5-4CA1-BF6D-4E8894EC929B}.Debug|Any CPU.Build.0 = Debug|Any CPU
		{D2FD354E-28D5-4CA1-BF6D-4E8894EC929B}.Release|Any CPU.ActiveCfg = Release|Any CPU
		{D2FD354E-28D5-4CA1-BF6D-4E8894EC929B}.Release|Any CPU.Build.0 = Release|Any CPU
	EndGlobalSection
	GlobalSection(SolutionProperties) = preSolution
		HideSolutionNode = FALSE
	EndGlobalSection
	GlobalSection(ExtensibilityGlobals) = postSolution
		SolutionGuid = {455C206E-C7FC-4D74-A58C-F1ED66AE5AFD}
	EndGlobalSection
EndGlobal
